
Microsoft Visual Studio Solution File, Format Version 12.00
# Visual Studio 15
VisualStudioVersion = 15.0.27703.2035
MinimumVisualStudioVersion = 10.0.40219.1
Project("{FAE04EC0-301F-11D3-BF4B-00C04F79EFBC}") = "180705_i2i_Cell2i", "180705_i2i_Cell2i\180705_i2i_Cell2i.csproj", "{66E88356-6635-4740-BE23-800D952BC9F8}"
EndProject
Global
	GlobalSection(SolutionConfigurationPlatforms) = preSolution
		Debug|Any CPU = Debug|Any CPU
		Release|Any CPU = Release|Any CPU
	EndGlobalSection
	GlobalSection(ProjectConfigurationPlatforms) = postSolution
		{66E88356-6635-4740-BE23-800D952BC9F8}.Debug|Any CPU.ActiveCfg = Debug|Any CPU
		{66E88356-6635-4740-BE23-800D952BC9F8}.Debug|Any CPU.Build.0 = Debug|Any CPU
		{66E88356-6635-4740-BE23-800D952BC9F8}.Release|Any CPU.ActiveCfg = Release|Any CPU
		{66E88356-6635-4740-BE23-800D952BC9F8}.Release|Any CPU.Build.0 = Release|Any CPU
	EndGlobalSection
	GlobalSection(SolutionProperties) = preSolution
		HideSolutionNode = FALSE
	EndGlobalSection
	GlobalSection(ExtensibilityGlobals) = postSolution
		SolutionGuid = {332F4ECC-AC36-459A-B47A-26F660EAC277}
	EndGlobalSection
EndGlobal
